
Microsoft Visual Studio Solution File, Format Version 12.00
# Visual Studio 2012
Project("{FAE04EC0-301F-11D3-BF4B-00C04F79EFBC}") = "UpgradeLaunchChromium", "UpgradeLaunchChromium\UpgradeLaunchChromium.csproj", "{AD1B83BC-F6B4-44E5-8310-B7A26B86168C}"
EndProject
Global
	GlobalSection(SolutionConfigurationPlatforms) = preSolution
		Debug|Any CPU = Debug|Any CPU
		Release|Any CPU = Release|Any CPU
	EndGlobalSection
	GlobalSection(ProjectConfigurationPlatforms) = postSolution
		{AD1B83BC-F6B4-44E5-8310-B7A26B86168C}.Debug|Any CPU.ActiveCfg = Debug|Any CPU
		{AD1B83BC-F6B4-44E5-8310-B7A26B86168C}.Debug|Any CPU.Build.0 = Debug|Any CPU
		{AD1B83BC-F6B4-44E5-8310-B7A26B86168C}.Release|Any CPU.ActiveCfg = Release|Any CPU
		{AD1B83BC-F6B4-44E5-8310-B7A26B86168C}.Release|Any CPU.Build.0 = Release|Any CPU
	EndGlobalSection
	GlobalSection(SolutionProperties) = preSolution
		HideSolutionNode = FALSE
	EndGlobalSection
EndGlobal
